# THIS IS AN AUTOGENERATED FILE. DO NOT EDIT THIS FILE DIRECTLY.
# yarn lockfile v1


"@protobuf-ts/protoc@^2.9.4":
  version "2.9.4"
  resolved "https://registry.yarnpkg.com/@protobuf-ts/protoc/-/protoc-2.9.4.tgz#a92262ee64d252998540238701d2140f4ffec081"
  integrity sha512-hQX+nOhFtrA+YdAXsXEDrLoGJqXHpgv4+BueYF0S9hy/Jq0VRTVlJS1Etmf4qlMt/WdigEes5LOd/LDzui4GIQ==
